PODS:
  - Alamofire (4.5.0)
  - Alps (0.0.3):
    - Alamofire (~> 4.0)
  - AlpsSDK (0.0.3):
    - Alps

DEPENDENCIES:
  - Alps (from `https://github.com/MatchMore/alps-ios-api.git`, tag `0.4.0`)
  - AlpsSDK (from `https://github.com/MatchMore/alps-ios-sdk.git`, tag `0.4.1`)

EXTERNAL SOURCES:
  Alps:
    :git: https://github.com/MatchMore/alps-ios-api.git
    :tag: 0.4.0
  AlpsSDK:
    :git: https://github.com/MatchMore/alps-ios-sdk.git
    :tag: 0.4.1

CHECKOUT OPTIONS:
  Alps:
    :git: https://github.com/MatchMore/alps-ios-api.git
    :tag: 0.4.0
  AlpsSDK:
    :git: https://github.com/MatchMore/alps-ios-sdk.git
    :tag: 0.4.1

SPEC CHECKSUMS:
  Alamofire: f28cdffd29de33a7bfa022cbd63ae95a27fae140
  Alps: f97f116e679df08d4fba32730479e2f351afb258
  AlpsSDK: a60836dcaa6599d4dbba3aa5ce56ed95bb5220ca

PODFILE CHECKSUM: f739f089f6e74b71525966364b53159a97f47f6c

COCOAPODS: 1.2.1
