// !$*UTF8*$!
{
	archiveVersion = 1;
	classes = {
	};
	objectVersion = 46;
	objects = {

/* Begin PBXBuildFile section */
		84D0A56B1F73F1D700CE0923 /* AppDelegate.swift in Sources */ = {isa = PBXBuildFile; fileRef = 84D0A56A1F73F1D700CE0923 /* AppDelegate.swift */; };
		84D0A56D1F73F1D700CE0923 /* ViewController.swift in Sources */ = {isa = PBXBuildFile; fileRef = 84D0A56C1F73F1D700CE0923 /* ViewController.swift */; };
		84D0A5701F73F1D700CE0923 /* Main.storyboard in Resources */ = {isa = PBXBuildFile; fileRef = 84D0A56E1F73F1D700CE0923 /* Main.storyboard */; };
		84D0A5721F73F1D700CE0923 /* Assets.xcassets in Resources */ = {isa = PBXBuildFile; fileRef = 84D0A5711F73F1D700CE0923 /* Assets.xcassets */; };
		84D0A5751F73F1D700CE0923 /* LaunchScreen.storyboard in Resources */ = {isa = PBXBuildFile; fileRef = 84D0A5731F73F1D700CE0923 /* LaunchScreen.storyboard */; };
		84D0A5801F73F1D700CE0923 /* TutorialTests.swift in Sources */ = {isa = PBXBuildFile; fileRef = 84D0A57F1F73F1D700CE0923 /* TutorialTests.swift */; };
		84D0A58B1F73F1D700CE0923 /* TutorialUITests.swift in Sources */ = {isa = PBXBuildFile; fileRef = 84D0A58A1F73F1D700CE0923 /* TutorialUITests.swift */; };
/* End PBXBuildFile section */

/* Begin PBXContainerItemProxy section */
		84D0A57C1F73F1D700CE0923 /* PBXContainerItemProxy */ = {
			isa = PBXContainerItemProxy;
			containerPortal = 84D0A55F1F73F1D700CE0923 /* Project object */;
			proxyType = 1;
			remoteGlobalIDString = 84D0A5661F73F1D700CE0923;
			remoteInfo = Tutorial;
		};
		84D0A5871F73F1D700CE0923 /* PBXContainerItemProxy */ = {
			isa = PBXContainerItemProxy;
			containerPortal = 84D0A55F1F73F1D700CE0923 /* Project object */;
			proxyType = 1;
			remoteGlobalIDString = 84D0A5661F73F1D700CE0923;
			remoteInfo = Tutorial;
		};
/* End PBXContainerItemProxy section */

/* Begin PBXFileReference section */
		84D0A5671F73F1D700CE0923 /* alps-ios-tutorial.app */ = {isa = PBXFileReference; explicitFileType = wrapper.application; includeInIndex = 0; path = "alps-ios-tutorial.app"; sourceTree = BUILT_PRODUCTS_DIR; };
		84D0A56A1F73F1D700CE0923 /* AppDelegate.swift */ = {isa = PBXFileReference; lastKnownFileType = sourcecode.swift; path = AppDelegate.swift; sourceTree = "<group>"; };
		84D0A56C1F73F1D700CE0923 /* ViewController.swift */ = {isa = PBXFileReference; lastKnownFileType = sourcecode.swift; path = ViewController.swift; sourceTree = "<group>"; };
		84D0A56F1F73F1D700CE0923 /* Base */ = {isa = PBXFileReference; lastKnownFileType = file.storyboard; name = Base; path = Base.lproj/Main.storyboard; sourceTree = "<group>"; };
		84D0A5711F73F1D700CE0923 /* Assets.xcassets */ = {isa = PBXFileReference; lastKnownFileType = folder.assetcatalog; path = Assets.xcassets; sourceTree = "<group>"; };
		84D0A5741F73F1D700CE0923 /* Base */ = {isa = PBXFileReference; lastKnownFileType = file.storyboard; name = Base; path = Base.lproj/LaunchScreen.storyboard; sourceTree = "<group>"; };
		84D0A5761F73F1D700CE0923 /* Info.plist */ = {isa = PBXFileReference; lastKnownFileType = text.plist.xml; path = Info.plist; sourceTree = "<group>"; };
		84D0A57B1F73F1D700CE0923 /* alps-ios-tutorialTests.xctest */ = {isa = PBXFileReference; explicitFileType = wrapper.cfbundle; includeInIndex = 0; path = "alps-ios-tutorialTests.xctest"; sourceTree = BUILT_PRODUCTS_DIR; };
		84D0A57F1F73F1D700CE0923 /* TutorialTests.swift */ = {isa = PBXFileReference; lastKnownFileType = sourcecode.swift; path = TutorialTests.swift; sourceTree = "<group>"; };
		84D0A5811F73F1D700CE0923 /* Info.plist */ = {isa = PBXFileReference; lastKnownFileType = text.plist.xml; path = Info.plist; sourceTree = "<group>"; };
		84D0A5861F73F1D700CE0923 /* alps-ios-tutorialUITests.xctest */ = {isa = PBXFileReference; explicitFileType = wrapper.cfbundle; includeInIndex = 0; path = "alps-ios-tutorialUITests.xctest"; sourceTree = BUILT_PRODUCTS_DIR; };
		84D0A58A1F73F1D700CE0923 /* TutorialUITests.swift */ = {isa = PBXFileReference; lastKnownFileType = sourcecode.swift; path = TutorialUITests.swift; sourceTree = "<group>"; };
		84D0A58C1F73F1D700CE0923 /* Info.plist */ = {isa = PBXFileReference; lastKnownFileType = text.plist.xml; path = Info.plist; sourceTree = "<group>"; };
/* End PBXFileReference section */

/* Begin PBXFrameworksBuildPhase section */
		84D0A5641F73F1D700CE0923 /* Frameworks */ = {
			isa = PBXFrameworksBuildPhase;
			buildActionMask = 2147483647;
			files = (
			);
			runOnlyForDeploymentPostprocessing = 0;
		};
		84D0A5781F73F1D700CE0923 /* Frameworks */ = {
			isa = PBXFrameworksBuildPhase;
			buildActionMask = 2147483647;
			files = (
			);
			runOnlyForDeploymentPostprocessing = 0;
		};
		84D0A5831F73F1D700CE0923 /* Frameworks */ = {
			isa = PBXFrameworksBuildPhase;
			buildActionMask = 2147483647;
			files = (
			);
			runOnlyForDeploymentPostprocessing = 0;
		};
/* End PBXFrameworksBuildPhase section */

/* Begin PBXGroup section */
		84D0A55E1F73F1D700CE0923 = {
			isa = PBXGroup;
			children = (
				84D0A5691F73F1D700CE0923 /* Tutorial */,
				84D0A57E1F73F1D700CE0923 /* TutorialTests */,
				84D0A5891F73F1D700CE0923 /* TutorialUITests */,
				84D0A5681F73F1D700CE0923 /* Products */,
			);
			sourceTree = "<group>";
		};
		84D0A5681F73F1D700CE0923 /* Products */ = {
			isa = PBXGroup;
			children = (
				84D0A5671F73F1D700CE0923 /* alps-ios-tutorial.app */,
				84D0A57B1F73F1D700CE0923 /* alps-ios-tutorialTests.xctest */,
				84D0A5861F73F1D700CE0923 /* alps-ios-tutorialUITests.xctest */,
			);
			name = Products;
			sourceTree = "<group>";
		};
		84D0A5691F73F1D700CE0923 /* Tutorial */ = {
			isa = PBXGroup;
			children = (
				84D0A56A1F73F1D700CE0923 /* AppDelegate.swift */,
				84D0A56C1F73F1D700CE0923 /* ViewController.swift */,
				84D0A56E1F73F1D700CE0923 /* Main.storyboard */,
				84D0A5711F73F1D700CE0923 /* Assets.xcassets */,
				84D0A5731F73F1D700CE0923 /* LaunchScreen.storyboard */,
				84D0A5761F73F1D700CE0923 /* Info.plist */,
			);
			path = Tutorial;
			sourceTree = "<group>";
		};
		84D0A57E1F73F1D700CE0923 /* TutorialTests */ = {
			isa = PBXGroup;
			children = (
				84D0A57F1F73F1D700CE0923 /* TutorialTests.swift */,
				84D0A5811F73F1D700CE0923 /* Info.plist */,
			);
			path = TutorialTests;
			sourceTree = "<group>";
		};
		84D0A5891F73F1D700CE0923 /* TutorialUITests */ = {
			isa = PBXGroup;
			children = (
				84D0A58A1F73F1D700CE0923 /* TutorialUITests.swift */,
				84D0A58C1F73F1D700CE0923 /* Info.plist */,
			);
			path = TutorialUITests;
			sourceTree = "<group>";
		};
/* End PBXGroup section */

/* Begin PBXNativeTarget section */
		84D0A5661F73F1D700CE0923 /* alps-ios-tutorial */ = {
			isa = PBXNativeTarget;
			buildConfigurationList = 84D0A58F1F73F1D700CE0923 /* Build configuration list for PBXNativeTarget "alps-ios-tutorial" */;
			buildPhases = (
				84D0A5631F73F1D700CE0923 /* Sources */,
				84D0A5641F73F1D700CE0923 /* Frameworks */,
				84D0A5651F73F1D700CE0923 /* Resources */,
			);
			buildRules = (
			);
			dependencies = (
			);
			name = "alps-ios-tutorial";
			productName = Tutorial;
			productReference = 84D0A5671F73F1D700CE0923 /* alps-ios-tutorial.app */;
			productType = "com.apple.product-type.application";
		};
		84D0A57A1F73F1D700CE0923 /* alps-ios-tutorialTests */ = {
			isa = PBXNativeTarget;
			buildConfigurationList = 84D0A5921F73F1D700CE0923 /* Build configuration list for PBXNativeTarget "alps-ios-tutorialTests" */;
			buildPhases = (
				84D0A5771F73F1D700CE0923 /* Sources */,
				84D0A5781F73F1D700CE0923 /* Frameworks */,
				84D0A5791F73F1D700CE0923 /* Resources */,
			);
			buildRules = (
			);
			dependencies = (
				84D0A57D1F73F1D700CE0923 /* PBXTargetDependency */,
			);
			name = "alps-ios-tutorialTests";
			productName = TutorialTests;
			productReference = 84D0A57B1F73F1D700CE0923 /* alps-ios-tutorialTests.xctest */;
			productType = "com.apple.product-type.bundle.unit-test";
		};
		84D0A5851F73F1D700CE0923 /* alps-ios-tutorialUITests */ = {
			isa = PBXNativeTarget;
			buildConfigurationList = 84D0A5951F73F1D700CE0923 /* Build configuration list for PBXNativeTarget "alps-ios-tutorialUITests" */;
			buildPhases = (
				84D0A5821F73F1D700CE0923 /* Sources */,
				84D0A5831F73F1D700CE0923 /* Frameworks */,
				84D0A5841F73F1D700CE0923 /* Resources */,
			);
			buildRules = (
			);
			dependencies = (
				84D0A5881F73F1D700CE0923 /* PBXTargetDependency */,
			);
			name = "alps-ios-tutorialUITests";
			productName = TutorialUITests;
			productReference = 84D0A5861F73F1D700CE0923 /* alps-ios-tutorialUITests.xctest */;
			productType = "com.apple.product-type.bundle.ui-testing";
		};
/* End PBXNativeTarget section */

/* Begin PBXProject section */
		84D0A55F1F73F1D700CE0923 /* Project object */ = {
			isa = PBXProject;
			attributes = {
				LastSwiftUpdateCheck = 0830;
				LastUpgradeCheck = 0830;
				ORGANIZATIONNAME = WhenWens;
				TargetAttributes = {
					84D0A5661F73F1D700CE0923 = {
						CreatedOnToolsVersion = 8.3.3;
						DevelopmentTeam = 2UJM6Q65K9;
						ProvisioningStyle = Automatic;
					};
					84D0A57A1F73F1D700CE0923 = {
						CreatedOnToolsVersion = 8.3.3;
						DevelopmentTeam = 2UJM6Q65K9;
						ProvisioningStyle = Automatic;
						TestTargetID = 84D0A5661F73F1D700CE0923;
					};
					84D0A5851F73F1D700CE0923 = {
						CreatedOnToolsVersion = 8.3.3;
						DevelopmentTeam = 2UJM6Q65K9;
						ProvisioningStyle = Automatic;
						TestTargetID = 84D0A5661F73F1D700CE0923;
					};
				};
			};
			buildConfigurationList = 84D0A5621F73F1D700CE0923 /* Build configuration list for PBXProject "alps-ios-tutorial" */;
			compatibilityVersion = "Xcode 3.2";
			developmentRegion = English;
			hasScannedForEncodings = 0;
			knownRegions = (
				en,
				Base,
			);
			mainGroup = 84D0A55E1F73F1D700CE0923;
			productRefGroup = 84D0A5681F73F1D700CE0923 /* Products */;
			projectDirPath = "";
			projectRoot = "";
			targets = (
				84D0A5661F73F1D700CE0923 /* alps-ios-tutorial */,
				84D0A57A1F73F1D700CE0923 /* alps-ios-tutorialTests */,
				84D0A5851F73F1D700CE0923 /* alps-ios-tutorialUITests */,
			);
		};
/* End PBXProject section */

/* Begin PBXResourcesBuildPhase section */
		84D0A5651F73F1D700CE0923 /* Resources */ = {
			isa = PBXResourcesBuildPhase;
			buildActionMask = 2147483647;
			files = (
				84D0A5751F73F1D700CE0923 /* LaunchScreen.storyboard in Resources */,
				84D0A5721F73F1D700CE0923 /* Assets.xcassets in Resources */,
				84D0A5701F73F1D700CE0923 /* Main.storyboard in Resources */,
			);
			runOnlyForDeploymentPostprocessing = 0;
		};
		84D0A5791F73F1D700CE0923 /* Resources */ = {
			isa = PBXResourcesBuildPhase;
			buildActionMask = 2147483647;
			files = (
			);
			runOnlyForDeploymentPostprocessing = 0;
		};
		84D0A5841F73F1D700CE0923 /* Resources */ = {
			isa = PBXResourcesBuildPhase;
			buildActionMask = 2147483647;
			files = (
			);
			runOnlyForDeploymentPostprocessing = 0;
		};
/* End PBXResourcesBuildPhase section */

/* Begin PBXSourcesBuildPhase section */
		84D0A5631F73F1D700CE0923 /* Sources */ = {
			isa = PBXSourcesBuildPhase;
			buildActionMask = 2147483647;
			files = (
				84D0A56D1F73F1D700CE0923 /* ViewController.swift in Sources */,
				84D0A56B1F73F1D700CE0923 /* AppDelegate.swift in Sources */,
			);
			runOnlyForDeploymentPostprocessing = 0;
		};
		84D0A5771F73F1D700CE0923 /* Sources */ = {
			isa = PBXSourcesBuildPhase;
			buildActionMask = 2147483647;
			files = (
				84D0A5801F73F1D700CE0923 /* TutorialTests.swift in Sources */,
			);
			runOnlyForDeploymentPostprocessing = 0;
		};
		84D0A5821F73F1D700CE0923 /* Sources */ = {
			isa = PBXSourcesBuildPhase;
			buildActionMask = 2147483647;
			files = (
				84D0A58B1F73F1D700CE0923 /* TutorialUITests.swift in Sources */,
			);
			runOnlyForDeploymentPostprocessing = 0;
		};
/* End PBXSourcesBuildPhase section */

/* Begin PBXTargetDependency section */
		84D0A57D1F73F1D700CE0923 /* PBXTargetDependency */ = {
			isa = PBXTargetDependency;
			target = 84D0A5661F73F1D700CE0923 /* alps-ios-tutorial */;
			targetProxy = 84D0A57C1F73F1D700CE0923 /* PBXContainerItemProxy */;
		};
		84D0A5881F73F1D700CE0923 /* PBXTargetDependency */ = {
			isa = PBXTargetDependency;
			target = 84D0A5661F73F1D700CE0923 /* alps-ios-tutorial */;
			targetProxy = 84D0A5871F73F1D700CE0923 /* PBXContainerItemProxy */;
		};
/* End PBXTargetDependency section */

/* Begin PBXVariantGroup section */
		84D0A56E1F73F1D700CE0923 /* Main.storyboard */ = {
			isa = PBXVariantGroup;
			children = (
				84D0A56F1F73F1D700CE0923 /* Base */,
			);
			name = Main.storyboard;
			sourceTree = "<group>";
		};
		84D0A5731F73F1D700CE0923 /* LaunchScreen.storyboard */ = {
			isa = PBXVariantGroup;
			children = (
				84D0A5741F73F1D700CE0923 /* Base */,
			);
			name = LaunchScreen.storyboard;
			sourceTree = "<group>";
		};
/* End PBXVariantGroup section */

/* Begin XCBuildConfiguration section */
		84D0A58D1F73F1D700CE0923 /* Debug */ = {
			isa = XCBuildConfiguration;
			buildSettings = {
				ALWAYS_SEARCH_USER_PATHS = NO;
				CLANG_ANALYZER_NONNULL = YES;
				CLANG_ANALYZER_NUMBER_OBJECT_CONVERSION = YES_AGGRESSIVE;
				CLANG_CXX_LANGUAGE_STANDARD = "gnu++0x";
				CLANG_CXX_LIBRARY = "libc++";
				CLANG_ENABLE_MODULES = YES;
				CLANG_ENABLE_OBJC_ARC = YES;
				CLANG_WARN_BOOL_CONVERSION = YES;
				CLANG_WARN_CONSTANT_CONVERSION = YES;
				CLANG_WARN_DIRECT_OBJC_ISA_USAGE = YES_ERROR;
				CLANG_WARN_DOCUMENTATION_COMMENTS = YES;
				CLANG_WARN_EMPTY_BODY = YES;
				CLANG_WARN_ENUM_CONVERSION = YES;
				CLANG_WARN_INFINITE_RECURSION = YES;
				CLANG_WARN_INT_CONVERSION = YES;
				CLANG_WARN_OBJC_ROOT_CLASS = YES_ERROR;
				CLANG_WARN_SUSPICIOUS_MOVE = YES;
				CLANG_WARN_UNREACHABLE_CODE = YES;
				CLANG_WARN__DUPLICATE_METHOD_MATCH = YES;
				"CODE_SIGN_IDENTITY[sdk=iphoneos*]" = "iPhone Developer";
				COPY_PHASE_STRIP = NO;
				DEBUG_INFORMATION_FORMAT = dwarf;
				ENABLE_STRICT_OBJC_MSGSEND = YES;
				ENABLE_TESTABILITY = YES;
				GCC_C_LANGUAGE_STANDARD = gnu99;
				GCC_DYNAMIC_NO_PIC = NO;
				GCC_NO_COMMON_BLOCKS = YES;
				GCC_OPTIMIZATION_LEVEL = 0;
				GCC_PREPROCESSOR_DEFINITIONS = (
					"DEBUG=1",
					"$(inherited)",
				);
				GCC_WARN_64_TO_32_BIT_CONVERSION = YES;
				GCC_WARN_ABOUT_RETURN_TYPE = YES_ERROR;
				GCC_WARN_UNDECLARED_SELECTOR = YES;
				GCC_WARN_UNINITIALIZED_AUTOS = YES_AGGRESSIVE;
				GCC_WARN_UNUSED_FUNCTION = YES;
				GCC_WARN_UNUSED_VARIABLE = YES;
				IPHONEOS_DEPLOYMENT_TARGET = 10.3;
				MTL_ENABLE_DEBUG_INFO = YES;
				ONLY_ACTIVE_ARCH = YES;
				SDKROOT = iphoneos;
				SWIFT_ACTIVE_COMPILATION_CONDITIONS = DEBUG;
				SWIFT_OPTIMIZATION_LEVEL = "-Onone";
				TARGETED_DEVICE_FAMILY = "1,2";
			};
			name = Debug;
		};
		84D0A58E1F73F1D700CE0923 /* Release */ = {
			isa = XCBuildConfiguration;
			buildSettings = {
				ALWAYS_SEARCH_USER_PATHS = NO;
				CLANG_ANALYZER_NONNULL = YES;
				CLANG_ANALYZER_NUMBER_OBJECT_CONVERSION = YES_AGGRESSIVE;
				CLANG_CXX_LANGUAGE_STANDARD = "gnu++0x";
				CLANG_CXX_LIBRARY = "libc++";
				CLANG_ENABLE_MODULES = YES;
				CLANG_ENABLE_OBJC_ARC = YES;
				CLANG_WARN_BOOL_CONVERSION = YES;
				CLANG_WARN_CONSTANT_CONVERSION = YES;
				CLANG_WARN_DIRECT_OBJC_ISA_USAGE = YES_ERROR;
				CLANG_WARN_DOCUMENTATION_COMMENTS = YES;
				CLANG_WARN_EMPTY_BODY = YES;
				CLANG_WARN_ENUM_CONVERSION = YES;
				CLANG_WARN_INFINITE_RECURSION = YES;
				CLANG_WARN_INT_CONVERSION = YES;
				CLANG_WARN_OBJC_ROOT_CLASS = YES_ERROR;
				CLANG_WARN_SUSPICIOUS_MOVE = YES;
				CLANG_WARN_UNREACHABLE_CODE = YES;
				CLANG_WARN__DUPLICATE_METHOD_MATCH = YES;
				"CODE_SIGN_IDENTITY[sdk=iphoneos*]" = "iPhone Developer";
				COPY_PHASE_STRIP = NO;
				DEBUG_INFORMATION_FORMAT = "dwarf-with-dsym";
				ENABLE_NS_ASSERTIONS = NO;
				ENABLE_STRICT_OBJC_MSGSEND = YES;
				GCC_C_LANGUAGE_STANDARD = gnu99;
				GCC_NO_COMMON_BLOCKS = YES;
				GCC_WARN_64_TO_32_BIT_CONVERSION = YES;
				GCC_WARN_ABOUT_RETURN_TYPE = YES_ERROR;
				GCC_WARN_UNDECLARED_SELECTOR = YES;
				GCC_WARN_UNINITIALIZED_AUTOS = YES_AGGRESSIVE;
				GCC_WARN_UNUSED_FUNCTION = YES;
				GCC_WARN_UNUSED_VARIABLE = YES;
				IPHONEOS_DEPLOYMENT_TARGET = 10.3;
				MTL_ENABLE_DEBUG_INFO = NO;
				SDKROOT = iphoneos;
				SWIFT_OPTIMIZATION_LEVEL = "-Owholemodule";
				TARGETED_DEVICE_FAMILY = "1,2";
				VALIDATE_PRODUCT = YES;
			};
			name = Release;
		};
		84D0A5901F73F1D700CE0923 /* Debug */ = {
			isa = XCBuildConfiguration;
			buildSettings = {
				ASSETCATALOG_COMPILER_APPICON_NAME = AppIcon;
				DEVELOPMENT_TEAM = 2UJM6Q65K9;
				INFOPLIST_FILE = Tutorial/Info.plist;
				LD_RUNPATH_SEARCH_PATHS = "$(inherited) @executable_path/Frameworks";
				PRODUCT_BUNDLE_IDENTIFIER = KFM.Tutorial;
				PRODUCT_NAME = "$(TARGET_NAME)";
				SWIFT_VERSION = 3.0;
			};
			name = Debug;
		};
		84D0A5911F73F1D700CE0923 /* Release */ = {
			isa = XCBuildConfiguration;
			buildSettings = {
				ASSETCATALOG_COMPILER_APPICON_NAME = AppIcon;
				DEVELOPMENT_TEAM = 2UJM6Q65K9;
				INFOPLIST_FILE = Tutorial/Info.plist;
				LD_RUNPATH_SEARCH_PATHS = "$(inherited) @executable_path/Frameworks";
				PRODUCT_BUNDLE_IDENTIFIER = KFM.Tutorial;
				PRODUCT_NAME = "$(TARGET_NAME)";
				SWIFT_VERSION = 3.0;
			};
			name = Release;
		};
		84D0A5931F73F1D700CE0923 /* Debug */ = {
			isa = XCBuildConfiguration;
			buildSettings = {
				ALWAYS_EMBED_SWIFT_STANDARD_LIBRARIES = YES;
				BUNDLE_LOADER = "$(TEST_HOST)";
				DEVELOPMENT_TEAM = 2UJM6Q65K9;
				INFOPLIST_FILE = TutorialTests/Info.plist;
				LD_RUNPATH_SEARCH_PATHS = "$(inherited) @executable_path/Frameworks @loader_path/Frameworks";
				PRODUCT_BUNDLE_IDENTIFIER = KFM.TutorialTests;
				PRODUCT_NAME = "$(TARGET_NAME)";
				SWIFT_VERSION = 3.0;
				TEST_HOST = "$(BUILT_PRODUCTS_DIR)/alps-ios-tutorial.app/alps-ios-tutorial";
			};
			name = Debug;
		};
		84D0A5941F73F1D700CE0923 /* Release */ = {
			isa = XCBuildConfiguration;
			buildSettings = {
				ALWAYS_EMBED_SWIFT_STANDARD_LIBRARIES = YES;
				BUNDLE_LOADER = "$(TEST_HOST)";
				DEVELOPMENT_TEAM = 2UJM6Q65K9;
				INFOPLIST_FILE = TutorialTests/Info.plist;
				LD_RUNPATH_SEARCH_PATHS = "$(inherited) @executable_path/Frameworks @loader_path/Frameworks";
				PRODUCT_BUNDLE_IDENTIFIER = KFM.TutorialTests;
				PRODUCT_NAME = "$(TARGET_NAME)";
				SWIFT_VERSION = 3.0;
				TEST_HOST = "$(BUILT_PRODUCTS_DIR)/alps-ios-tutorial.app/alps-ios-tutorial";
			};
			name = Release;
		};
		84D0A5961F73F1D700CE0923 /* Debug */ = {
			isa = XCBuildConfiguration;
			buildSettings = {
				ALWAYS_EMBED_SWIFT_STANDARD_LIBRARIES = YES;
				DEVELOPMENT_TEAM = 2UJM6Q65K9;
				INFOPLIST_FILE = TutorialUITests/Info.plist;
				LD_RUNPATH_SEARCH_PATHS = "$(inherited) @executable_path/Frameworks @loader_path/Frameworks";
				PRODUCT_BUNDLE_IDENTIFIER = KFM.TutorialUITests;
				PRODUCT_NAME = "$(TARGET_NAME)";
				SWIFT_VERSION = 3.0;
				TEST_TARGET_NAME = Tutorial;
			};
			name = Debug;
		};
		84D0A5971F73F1D700CE0923 /* Release */ = {
			isa = XCBuildConfiguration;
			buildSettings = {
				ALWAYS_EMBED_SWIFT_STANDARD_LIBRARIES = YES;
				DEVELOPMENT_TEAM = 2UJM6Q65K9;
				INFOPLIST_FILE = TutorialUITests/Info.plist;
				LD_RUNPATH_SEARCH_PATHS = "$(inherited) @executable_path/Frameworks @loader_path/Frameworks";
				PRODUCT_BUNDLE_IDENTIFIER = KFM.TutorialUITests;
				PRODUCT_NAME = "$(TARGET_NAME)";
				SWIFT_VERSION = 3.0;
				TEST_TARGET_NAME = Tutorial;
			};
			name = Release;
		};
/* End XCBuildConfiguration section */

/* Begin XCConfigurationList section */
		84D0A5621F73F1D700CE0923 /* Build configuration list for PBXProject "alps-ios-tutorial" */ = {
			isa = XCConfigurationList;
			buildConfigurations = (
				84D0A58D1F73F1D700CE0923 /* Debug */,
				84D0A58E1F73F1D700CE0923 /* Release */,
			);
			defaultConfigurationIsVisible = 0;
			defaultConfigurationName = Release;
		};
		84D0A58F1F73F1D700CE0923 /* Build configuration list for PBXNativeTarget "alps-ios-tutorial" */ = {
			isa = XCConfigurationList;
			buildConfigurations = (
				84D0A5901F73F1D700CE0923 /* Debug */,
				84D0A5911F73F1D700CE0923 /* Release */,
			);
			defaultConfigurationIsVisible = 0;
			defaultConfigurationName = Release;
		};
		84D0A5921F73F1D700CE0923 /* Build configuration list for PBXNativeTarget "alps-ios-tutorialTests" */ = {
			isa = XCConfigurationList;
			buildConfigurations = (
				84D0A5931F73F1D700CE0923 /* Debug */,
				84D0A5941F73F1D700CE0923 /* Release */,
			);
			defaultConfigurationIsVisible = 0;
			defaultConfigurationName = Release;
		};
		84D0A5951F73F1D700CE0923 /* Build configuration list for PBXNativeTarget "alps-ios-tutorialUITests" */ = {
			isa = XCConfigurationList;
			buildConfigurations = (
				84D0A5961F73F1D700CE0923 /* Debug */,
				84D0A5971F73F1D700CE0923 /* Release */,
			);
			defaultConfigurationIsVisible = 0;
			defaultConfigurationName = Release;
		};
/* End XCConfigurationList section */
	};
	rootObject = 84D0A55F1F73F1D700CE0923 /* Project object */;
}
