// !$*UTF8*$!
{
	archiveVersion = 1;
	classes = {
	};
	objectVersion = 46;
	objects = {

/* Begin PBXBuildFile section */
		23D328A9BA9F493DF41E64A7 /* Pods_TutorialUITests.framework in Frameworks */ = {isa = PBXBuildFile; fileRef = FBA8D7C5FABD4000664AA8CD /* Pods_TutorialUITests.framework */; };
		84D0A56B1F73F1D700CE0923 /* AppDelegate.swift in Sources */ = {isa = PBXBuildFile; fileRef = 84D0A56A1F73F1D700CE0923 /* AppDelegate.swift */; };
		84D0A56D1F73F1D700CE0923 /* ViewController.swift in Sources */ = {isa = PBXBuildFile; fileRef = 84D0A56C1F73F1D700CE0923 /* ViewController.swift */; };
		84D0A5701F73F1D700CE0923 /* Main.storyboard in Resources */ = {isa = PBXBuildFile; fileRef = 84D0A56E1F73F1D700CE0923 /* Main.storyboard */; };
		84D0A5721F73F1D700CE0923 /* Assets.xcassets in Resources */ = {isa = PBXBuildFile; fileRef = 84D0A5711F73F1D700CE0923 /* Assets.xcassets */; };
		84D0A5751F73F1D700CE0923 /* LaunchScreen.storyboard in Resources */ = {isa = PBXBuildFile; fileRef = 84D0A5731F73F1D700CE0923 /* LaunchScreen.storyboard */; };
		84D0A5801F73F1D700CE0923 /* TutorialTests.swift in Sources */ = {isa = PBXBuildFile; fileRef = 84D0A57F1F73F1D700CE0923 /* TutorialTests.swift */; };
		84D0A58B1F73F1D700CE0923 /* TutorialUITests.swift in Sources */ = {isa = PBXBuildFile; fileRef = 84D0A58A1F73F1D700CE0923 /* TutorialUITests.swift */; };
		D737E8A3F53F5260B980F99F /* Pods_Tutorial.framework in Frameworks */ = {isa = PBXBuildFile; fileRef = EC526A714BB4CEB0401F79C0 /* Pods_Tutorial.framework */; };
		ED0182F8AA626AAA6F3F6B83 /* Pods_TutorialTests.framework in Frameworks */ = {isa = PBXBuildFile; fileRef = 6949A499585E606FFEEA0FD4 /* Pods_TutorialTests.framework */; };
/* End PBXBuildFile section */

/* Begin PBXContainerItemProxy section */
		84D0A57C1F73F1D700CE0923 /* PBXContainerItemProxy */ = {
			isa = PBXContainerItemProxy;
			containerPortal = 84D0A55F1F73F1D700CE0923 /* Project object */;
			proxyType = 1;
			remoteGlobalIDString = 84D0A5661F73F1D700CE0923;
			remoteInfo = Tutorial;
		};
		84D0A5871F73F1D700CE0923 /* PBXContainerItemProxy */ = {
			isa = PBXContainerItemProxy;
			containerPortal = 84D0A55F1F73F1D700CE0923 /* Project object */;
			proxyType = 1;
			remoteGlobalIDString = 84D0A5661F73F1D700CE0923;
			remoteInfo = Tutorial;
		};
/* End PBXContainerItemProxy section */

/* Begin PBXFileReference section */
		33E7088B91BA5AAFC3DDEDD1 /* Pods-TutorialUITests.debug.xcconfig */ = {isa = PBXFileReference; includeInIndex = 1; lastKnownFileType = text.xcconfig; name = "Pods-TutorialUITests.debug.xcconfig"; path = "Pods/Target Support Files/Pods-TutorialUITests/Pods-TutorialUITests.debug.xcconfig"; sourceTree = "<group>"; };
		3CA9328AEBF3E54652ABDFE4 /* Pods-TutorialUITests.release.xcconfig */ = {isa = PBXFileReference; includeInIndex = 1; lastKnownFileType = text.xcconfig; name = "Pods-TutorialUITests.release.xcconfig"; path = "Pods/Target Support Files/Pods-TutorialUITests/Pods-TutorialUITests.release.xcconfig"; sourceTree = "<group>"; };
		45B7AF0DC9CED0985990FD00 /* Pods-Tutorial.release.xcconfig */ = {isa = PBXFileReference; includeInIndex = 1; lastKnownFileType = text.xcconfig; name = "Pods-Tutorial.release.xcconfig"; path = "Pods/Target Support Files/Pods-Tutorial/Pods-Tutorial.release.xcconfig"; sourceTree = "<group>"; };
		52055777086F4FA2E01A403C /* Pods-TutorialTests.debug.xcconfig */ = {isa = PBXFileReference; includeInIndex = 1; lastKnownFileType = text.xcconfig; name = "Pods-TutorialTests.debug.xcconfig"; path = "Pods/Target Support Files/Pods-TutorialTests/Pods-TutorialTests.debug.xcconfig"; sourceTree = "<group>"; };
		6949A499585E606FFEEA0FD4 /* Pods_TutorialTests.framework */ = {isa = PBXFileReference; explicitFileType = wrapper.framework; includeInIndex = 0; path = Pods_TutorialTests.framework; sourceTree = BUILT_PRODUCTS_DIR; };
		706683C9E4840B8879DC7FEC /* Pods-Tutorial.debug.xcconfig */ = {isa = PBXFileReference; includeInIndex = 1; lastKnownFileType = text.xcconfig; name = "Pods-Tutorial.debug.xcconfig"; path = "Pods/Target Support Files/Pods-Tutorial/Pods-Tutorial.debug.xcconfig"; sourceTree = "<group>"; };
		84D0A5671F73F1D700CE0923 /* Tutorial.app */ = {isa = PBXFileReference; explicitFileType = wrapper.application; includeInIndex = 0; path = Tutorial.app; sourceTree = BUILT_PRODUCTS_DIR; };
		84D0A56A1F73F1D700CE0923 /* AppDelegate.swift */ = {isa = PBXFileReference; lastKnownFileType = sourcecode.swift; path = AppDelegate.swift; sourceTree = "<group>"; };
		84D0A56C1F73F1D700CE0923 /* ViewController.swift */ = {isa = PBXFileReference; lastKnownFileType = sourcecode.swift; path = ViewController.swift; sourceTree = "<group>"; };
		84D0A56F1F73F1D700CE0923 /* Base */ = {isa = PBXFileReference; lastKnownFileType = file.storyboard; name = Base; path = Base.lproj/Main.storyboard; sourceTree = "<group>"; };
		84D0A5711F73F1D700CE0923 /* Assets.xcassets */ = {isa = PBXFileReference; lastKnownFileType = folder.assetcatalog; path = Assets.xcassets; sourceTree = "<group>"; };
		84D0A5741F73F1D700CE0923 /* Base */ = {isa = PBXFileReference; lastKnownFileType = file.storyboard; name = Base; path = Base.lproj/LaunchScreen.storyboard; sourceTree = "<group>"; };
		84D0A5761F73F1D700CE0923 /* Info.plist */ = {isa = PBXFileReference; lastKnownFileType = text.plist.xml; path = Info.plist; sourceTree = "<group>"; };
		84D0A57B1F73F1D700CE0923 /* TutorialTests.xctest */ = {isa = PBXFileReference; explicitFileType = wrapper.cfbundle; includeInIndex = 0; path = TutorialTests.xctest; sourceTree = BUILT_PRODUCTS_DIR; };
		84D0A57F1F73F1D700CE0923 /* TutorialTests.swift */ = {isa = PBXFileReference; lastKnownFileType = sourcecode.swift; path = TutorialTests.swift; sourceTree = "<group>"; };
		84D0A5811F73F1D700CE0923 /* Info.plist */ = {isa = PBXFileReference; lastKnownFileType = text.plist.xml; path = Info.plist; sourceTree = "<group>"; };
		84D0A5861F73F1D700CE0923 /* TutorialUITests.xctest */ = {isa = PBXFileReference; explicitFileType = wrapper.cfbundle; includeInIndex = 0; path = TutorialUITests.xctest; sourceTree = BUILT_PRODUCTS_DIR; };
		84D0A58A1F73F1D700CE0923 /* TutorialUITests.swift */ = {isa = PBXFileReference; lastKnownFileType = sourcecode.swift; path = TutorialUITests.swift; sourceTree = "<group>"; };
		84D0A58C1F73F1D700CE0923 /* Info.plist */ = {isa = PBXFileReference; lastKnownFileType = text.plist.xml; path = Info.plist; sourceTree = "<group>"; };
		86D4B5D39AC1B156FF13EE44 /* Pods-TutorialTests.release.xcconfig */ = {isa = PBXFileReference; includeInIndex = 1; lastKnownFileType = text.xcconfig; name = "Pods-TutorialTests.release.xcconfig"; path = "Pods/Target Support Files/Pods-TutorialTests/Pods-TutorialTests.release.xcconfig"; sourceTree = "<group>"; };
		EC526A714BB4CEB0401F79C0 /* Pods_Tutorial.framework */ = {isa = PBXFileReference; explicitFileType = wrapper.framework; includeInIndex = 0; path = Pods_Tutorial.framework; sourceTree = BUILT_PRODUCTS_DIR; };
		FBA8D7C5FABD4000664AA8CD /* Pods_TutorialUITests.framework */ = {isa = PBXFileReference; explicitFileType = wrapper.framework; includeInIndex = 0; path = Pods_TutorialUITests.framework; sourceTree = BUILT_PRODUCTS_DIR; };
/* End PBXFileReference section */

/* Begin PBXFrameworksBuildPhase section */
		84D0A5641F73F1D700CE0923 /* Frameworks */ = {
			isa = PBXFrameworksBuildPhase;
			buildActionMask = 2147483647;
			files = (
				D737E8A3F53F5260B980F99F /* Pods_Tutorial.framework in Frameworks */,
			);
			runOnlyForDeploymentPostprocessing = 0;
		};
		84D0A5781F73F1D700CE0923 /* Frameworks */ = {
			isa = PBXFrameworksBuildPhase;
			buildActionMask = 2147483647;
			files = (
				ED0182F8AA626AAA6F3F6B83 /* Pods_TutorialTests.framework in Frameworks */,
			);
			runOnlyForDeploymentPostprocessing = 0;
		};
		84D0A5831F73F1D700CE0923 /* Frameworks */ = {
			isa = PBXFrameworksBuildPhase;
			buildActionMask = 2147483647;
			files = (
				23D328A9BA9F493DF41E64A7 /* Pods_TutorialUITests.framework in Frameworks */,
			);
			runOnlyForDeploymentPostprocessing = 0;
		};
/* End PBXFrameworksBuildPhase section */

/* Begin PBXGroup section */
		84D0A55E1F73F1D700CE0923 = {
			isa = PBXGroup;
			children = (
				84D0A5691F73F1D700CE0923 /* Tutorial */,
				84D0A57E1F73F1D700CE0923 /* TutorialTests */,
				84D0A5891F73F1D700CE0923 /* TutorialUITests */,
				84D0A5681F73F1D700CE0923 /* Products */,
				9F91246E692582A6E9A0FC3B /* Pods */,
				E32E8CC97EA7E1F659464EE6 /* Frameworks */,
			);
			sourceTree = "<group>";
		};
		84D0A5681F73F1D700CE0923 /* Products */ = {
			isa = PBXGroup;
			children = (
				84D0A5671F73F1D700CE0923 /* Tutorial.app */,
				84D0A57B1F73F1D700CE0923 /* TutorialTests.xctest */,
				84D0A5861F73F1D700CE0923 /* TutorialUITests.xctest */,
			);
			name = Products;
			sourceTree = "<group>";
		};
		84D0A5691F73F1D700CE0923 /* Tutorial */ = {
			isa = PBXGroup;
			children = (
				84D0A56A1F73F1D700CE0923 /* AppDelegate.swift */,
				84D0A56C1F73F1D700CE0923 /* ViewController.swift */,
				84D0A56E1F73F1D700CE0923 /* Main.storyboard */,
				84D0A5711F73F1D700CE0923 /* Assets.xcassets */,
				84D0A5731F73F1D700CE0923 /* LaunchScreen.storyboard */,
				84D0A5761F73F1D700CE0923 /* Info.plist */,
			);
			path = Tutorial;
			sourceTree = "<group>";
		};
		84D0A57E1F73F1D700CE0923 /* TutorialTests */ = {
			isa = PBXGroup;
			children = (
				84D0A57F1F73F1D700CE0923 /* TutorialTests.swift */,
				84D0A5811F73F1D700CE0923 /* Info.plist */,
			);
			path = TutorialTests;
			sourceTree = "<group>";
		};
		84D0A5891F73F1D700CE0923 /* TutorialUITests */ = {
			isa = PBXGroup;
			children = (
				84D0A58A1F73F1D700CE0923 /* TutorialUITests.swift */,
				84D0A58C1F73F1D700CE0923 /* Info.plist */,
			);
			path = TutorialUITests;
			sourceTree = "<group>";
		};
		9F91246E692582A6E9A0FC3B /* Pods */ = {
			isa = PBXGroup;
			children = (
				706683C9E4840B8879DC7FEC /* Pods-Tutorial.debug.xcconfig */,
				45B7AF0DC9CED0985990FD00 /* Pods-Tutorial.release.xcconfig */,
				52055777086F4FA2E01A403C /* Pods-TutorialTests.debug.xcconfig */,
				86D4B5D39AC1B156FF13EE44 /* Pods-TutorialTests.release.xcconfig */,
				33E7088B91BA5AAFC3DDEDD1 /* Pods-TutorialUITests.debug.xcconfig */,
				3CA9328AEBF3E54652ABDFE4 /* Pods-TutorialUITests.release.xcconfig */,
			);
			name = Pods;
			sourceTree = "<group>";
		};
		E32E8CC97EA7E1F659464EE6 /* Frameworks */ = {
			isa = PBXGroup;
			children = (
				EC526A714BB4CEB0401F79C0 /* Pods_Tutorial.framework */,
				6949A499585E606FFEEA0FD4 /* Pods_TutorialTests.framework */,
				FBA8D7C5FABD4000664AA8CD /* Pods_TutorialUITests.framework */,
			);
			name = Frameworks;
			sourceTree = "<group>";
		};
/* End PBXGroup section */

/* Begin PBXNativeTarget section */
		84D0A5661F73F1D700CE0923 /* Tutorial */ = {
			isa = PBXNativeTarget;
			buildConfigurationList = 84D0A58F1F73F1D700CE0923 /* Build configuration list for PBXNativeTarget "Tutorial" */;
			buildPhases = (
				5E8D2E81E2D7DCEDBBC16425 /* [CP] Check Pods Manifest.lock */,
				84D0A5631F73F1D700CE0923 /* Sources */,
				84D0A5641F73F1D700CE0923 /* Frameworks */,
				84D0A5651F73F1D700CE0923 /* Resources */,
				BDB5DBD01D1045C963C3A24A /* [CP] Embed Pods Frameworks */,
				71ED9AE5180A350CFD465B16 /* [CP] Copy Pods Resources */,
			);
			buildRules = (
			);
			dependencies = (
			);
			name = Tutorial;
			productName = Tutorial;
			productReference = 84D0A5671F73F1D700CE0923 /* Tutorial.app */;
			productType = "com.apple.product-type.application";
		};
		84D0A57A1F73F1D700CE0923 /* TutorialTests */ = {
			isa = PBXNativeTarget;
			buildConfigurationList = 84D0A5921F73F1D700CE0923 /* Build configuration list for PBXNativeTarget "TutorialTests" */;
			buildPhases = (
				EF6DB79B59206BB7105DF553 /* [CP] Check Pods Manifest.lock */,
				84D0A5771F73F1D700CE0923 /* Sources */,
				84D0A5781F73F1D700CE0923 /* Frameworks */,
				84D0A5791F73F1D700CE0923 /* Resources */,
				32C38035F18E7354B2084980 /* [CP] Embed Pods Frameworks */,
				3C29B931D5655BD4091BDBCA /* [CP] Copy Pods Resources */,
			);
			buildRules = (
			);
			dependencies = (
				84D0A57D1F73F1D700CE0923 /* PBXTargetDependency */,
			);
			name = TutorialTests;
			productName = TutorialTests;
			productReference = 84D0A57B1F73F1D700CE0923 /* TutorialTests.xctest */;
			productType = "com.apple.product-type.bundle.unit-test";
		};
		84D0A5851F73F1D700CE0923 /* TutorialUITests */ = {
			isa = PBXNativeTarget;
			buildConfigurationList = 84D0A5951F73F1D700CE0923 /* Build configuration list for PBXNativeTarget "TutorialUITests" */;
			buildPhases = (
				CE90104FD8B59A03D51008CB /* [CP] Check Pods Manifest.lock */,
				84D0A5821F73F1D700CE0923 /* Sources */,
				84D0A5831F73F1D700CE0923 /* Frameworks */,
				84D0A5841F73F1D700CE0923 /* Resources */,
				D9D64186474B50CCF8D77211 /* [CP] Embed Pods Frameworks */,
				234C304EAFE33EB2FD8BAD2B /* [CP] Copy Pods Resources */,
			);
			buildRules = (
			);
			dependencies = (
				84D0A5881F73F1D700CE0923 /* PBXTargetDependency */,
			);
			name = TutorialUITests;
			productName = TutorialUITests;
			productReference = 84D0A5861F73F1D700CE0923 /* TutorialUITests.xctest */;
			productType = "com.apple.product-type.bundle.ui-testing";
		};
/* End PBXNativeTarget section */

/* Begin PBXProject section */
		84D0A55F1F73F1D700CE0923 /* Project object */ = {
			isa = PBXProject;
			attributes = {
				LastSwiftUpdateCheck = 0830;
				LastUpgradeCheck = 0830;
				ORGANIZATIONNAME = WhenWens;
				TargetAttributes = {
					84D0A5661F73F1D700CE0923 = {
						CreatedOnToolsVersion = 8.3.3;
						DevelopmentTeam = 2UJM6Q65K9;
						ProvisioningStyle = Automatic;
					};
					84D0A57A1F73F1D700CE0923 = {
						CreatedOnToolsVersion = 8.3.3;
						DevelopmentTeam = 2UJM6Q65K9;
						ProvisioningStyle = Automatic;
						TestTargetID = 84D0A5661F73F1D700CE0923;
					};
					84D0A5851F73F1D700CE0923 = {
						CreatedOnToolsVersion = 8.3.3;
						DevelopmentTeam = 2UJM6Q65K9;
						ProvisioningStyle = Automatic;
						TestTargetID = 84D0A5661F73F1D700CE0923;
					};
				};
			};
			buildConfigurationList = 84D0A5621F73F1D700CE0923 /* Build configuration list for PBXProject "Tutorial" */;
			compatibilityVersion = "Xcode 3.2";
			developmentRegion = English;
			hasScannedForEncodings = 0;
			knownRegions = (
				en,
				Base,
			);
			mainGroup = 84D0A55E1F73F1D700CE0923;
			productRefGroup = 84D0A5681F73F1D700CE0923 /* Products */;
			projectDirPath = "";
			projectRoot = "";
			targets = (
				84D0A5661F73F1D700CE0923 /* Tutorial */,
				84D0A57A1F73F1D700CE0923 /* TutorialTests */,
				84D0A5851F73F1D700CE0923 /* TutorialUITests */,
			);
		};
/* End PBXProject section */

/* Begin PBXResourcesBuildPhase section */
		84D0A5651F73F1D700CE0923 /* Resources */ = {
			isa = PBXResourcesBuildPhase;
			buildActionMask = 2147483647;
			files = (
				84D0A5751F73F1D700CE0923 /* LaunchScreen.storyboard in Resources */,
				84D0A5721F73F1D700CE0923 /* Assets.xcassets in Resources */,
				84D0A5701F73F1D700CE0923 /* Main.storyboard in Resources */,
			);
			runOnlyForDeploymentPostprocessing = 0;
		};
		84D0A5791F73F1D700CE0923 /* Resources */ = {
			isa = PBXResourcesBuildPhase;
			buildActionMask = 2147483647;
			files = (
			);
			runOnlyForDeploymentPostprocessing = 0;
		};
		84D0A5841F73F1D700CE0923 /* Resources */ = {
			isa = PBXResourcesBuildPhase;
			buildActionMask = 2147483647;
			files = (
			);
			runOnlyForDeploymentPostprocessing = 0;
		};
/* End PBXResourcesBuildPhase section */

/* Begin PBXShellScriptBuildPhase section */
		234C304EAFE33EB2FD8BAD2B /* [CP] Copy Pods Resources */ = {
			isa = PBXShellScriptBuildPhase;
			buildActionMask = 2147483647;
			files = (
			);
			inputPaths = (
			);
			name = "[CP] Copy Pods Resources";
			outputPaths = (
			);
			runOnlyForDeploymentPostprocessing = 0;
			shellPath = /bin/sh;
			shellScript = "\"${SRCROOT}/Pods/Target Support Files/Pods-TutorialUITests/Pods-TutorialUITests-resources.sh\"\n";
			showEnvVarsInLog = 0;
		};
		32C38035F18E7354B2084980 /* [CP] Embed Pods Frameworks */ = {
			isa = PBXShellScriptBuildPhase;
			buildActionMask = 2147483647;
			files = (
			);
			inputPaths = (
			);
			name = "[CP] Embed Pods Frameworks";
			outputPaths = (
			);
			runOnlyForDeploymentPostprocessing = 0;
			shellPath = /bin/sh;
			shellScript = "\"${SRCROOT}/Pods/Target Support Files/Pods-TutorialTests/Pods-TutorialTests-frameworks.sh\"\n";
			showEnvVarsInLog = 0;
		};
		3C29B931D5655BD4091BDBCA /* [CP] Copy Pods Resources */ = {
			isa = PBXShellScriptBuildPhase;
			buildActionMask = 2147483647;
			files = (
			);
			inputPaths = (
			);
			name = "[CP] Copy Pods Resources";
			outputPaths = (
			);
			runOnlyForDeploymentPostprocessing = 0;
			shellPath = /bin/sh;
			shellScript = "\"${SRCROOT}/Pods/Target Support Files/Pods-TutorialTests/Pods-TutorialTests-resources.sh\"\n";
			showEnvVarsInLog = 0;
		};
		5E8D2E81E2D7DCEDBBC16425 /* [CP] Check Pods Manifest.lock */ = {
			isa = PBXShellScriptBuildPhase;
			buildActionMask = 2147483647;
			files = (
			);
			inputPaths = (
			);
			name = "[CP] Check Pods Manifest.lock";
			outputPaths = (
			);
			runOnlyForDeploymentPostprocessing = 0;
			shellPath = /bin/sh;
			shellScript = "diff \"${PODS_PODFILE_DIR_PATH}/Podfile.lock\" \"${PODS_ROOT}/Manifest.lock\" > /dev/null\nif [ $? != 0 ] ; then\n    # print error to STDERR\n    echo \"error: The sandbox is not in sync with the Podfile.lock. Run 'pod install' or update your CocoaPods installation.\" >&2\n    exit 1\nfi\n";
			showEnvVarsInLog = 0;
		};
		71ED9AE5180A350CFD465B16 /* [CP] Copy Pods Resources */ = {
			isa = PBXShellScriptBuildPhase;
			buildActionMask = 2147483647;
			files = (
			);
			inputPaths = (
			);
			name = "[CP] Copy Pods Resources";
			outputPaths = (
			);
			runOnlyForDeploymentPostprocessing = 0;
			shellPath = /bin/sh;
			shellScript = "\"${SRCROOT}/Pods/Target Support Files/Pods-Tutorial/Pods-Tutorial-resources.sh\"\n";
			showEnvVarsInLog = 0;
		};
		BDB5DBD01D1045C963C3A24A /* [CP] Embed Pods Frameworks */ = {
			isa = PBXShellScriptBuildPhase;
			buildActionMask = 2147483647;
			files = (
			);
			inputPaths = (
			);
			name = "[CP] Embed Pods Frameworks";
			outputPaths = (
			);
			runOnlyForDeploymentPostprocessing = 0;
			shellPath = /bin/sh;
			shellScript = "\"${SRCROOT}/Pods/Target Support Files/Pods-Tutorial/Pods-Tutorial-frameworks.sh\"\n";
			showEnvVarsInLog = 0;
		};
		CE90104FD8B59A03D51008CB /* [CP] Check Pods Manifest.lock */ = {
			isa = PBXShellScriptBuildPhase;
			buildActionMask = 2147483647;
			files = (
			);
			inputPaths = (
			);
			name = "[CP] Check Pods Manifest.lock";
			outputPaths = (
			);
			runOnlyForDeploymentPostprocessing = 0;
			shellPath = /bin/sh;
			shellScript = "diff \"${PODS_PODFILE_DIR_PATH}/Podfile.lock\" \"${PODS_ROOT}/Manifest.lock\" > /dev/null\nif [ $? != 0 ] ; then\n    # print error to STDERR\n    echo \"error: The sandbox is not in sync with the Podfile.lock. Run 'pod install' or update your CocoaPods installation.\" >&2\n    exit 1\nfi\n";
			showEnvVarsInLog = 0;
		};
		D9D64186474B50CCF8D77211 /* [CP] Embed Pods Frameworks */ = {
			isa = PBXShellScriptBuildPhase;
			buildActionMask = 2147483647;
			files = (
			);
			inputPaths = (
			);
			name = "[CP] Embed Pods Frameworks";
			outputPaths = (
			);
			runOnlyForDeploymentPostprocessing = 0;
			shellPath = /bin/sh;
			shellScript = "\"${SRCROOT}/Pods/Target Support Files/Pods-TutorialUITests/Pods-TutorialUITests-frameworks.sh\"\n";
			showEnvVarsInLog = 0;
		};
		EF6DB79B59206BB7105DF553 /* [CP] Check Pods Manifest.lock */ = {
			isa = PBXShellScriptBuildPhase;
			buildActionMask = 2147483647;
			files = (
			);
			inputPaths = (
			);
			name = "[CP] Check Pods Manifest.lock";
			outputPaths = (
			);
			runOnlyForDeploymentPostprocessing = 0;
			shellPath = /bin/sh;
			shellScript = "diff \"${PODS_PODFILE_DIR_PATH}/Podfile.lock\" \"${PODS_ROOT}/Manifest.lock\" > /dev/null\nif [ $? != 0 ] ; then\n    # print error to STDERR\n    echo \"error: The sandbox is not in sync with the Podfile.lock. Run 'pod install' or update your CocoaPods installation.\" >&2\n    exit 1\nfi\n";
			showEnvVarsInLog = 0;
		};
/* End PBXShellScriptBuildPhase section */

/* Begin PBXSourcesBuildPhase section */
		84D0A5631F73F1D700CE0923 /* Sources */ = {
			isa = PBXSourcesBuildPhase;
			buildActionMask = 2147483647;
			files = (
				84D0A56D1F73F1D700CE0923 /* ViewController.swift in Sources */,
				84D0A56B1F73F1D700CE0923 /* AppDelegate.swift in Sources */,
			);
			runOnlyForDeploymentPostprocessing = 0;
		};
		84D0A5771F73F1D700CE0923 /* Sources */ = {
			isa = PBXSourcesBuildPhase;
			buildActionMask = 2147483647;
			files = (
				84D0A5801F73F1D700CE0923 /* TutorialTests.swift in Sources */,
			);
			runOnlyForDeploymentPostprocessing = 0;
		};
		84D0A5821F73F1D700CE0923 /* Sources */ = {
			isa = PBXSourcesBuildPhase;
			buildActionMask = 2147483647;
			files = (
				84D0A58B1F73F1D700CE0923 /* TutorialUITests.swift in Sources */,
			);
			runOnlyForDeploymentPostprocessing = 0;
		};
/* End PBXSourcesBuildPhase section */

/* Begin PBXTargetDependency section */
		84D0A57D1F73F1D700CE0923 /* PBXTargetDependency */ = {
			isa = PBXTargetDependency;
			target = 84D0A5661F73F1D700CE0923 /* Tutorial */;
			targetProxy = 84D0A57C1F73F1D700CE0923 /* PBXContainerItemProxy */;
		};
		84D0A5881F73F1D700CE0923 /* PBXTargetDependency */ = {
			isa = PBXTargetDependency;
			target = 84D0A5661F73F1D700CE0923 /* Tutorial */;
			targetProxy = 84D0A5871F73F1D700CE0923 /* PBXContainerItemProxy */;
		};
/* End PBXTargetDependency section */

/* Begin PBXVariantGroup section */
		84D0A56E1F73F1D700CE0923 /* Main.storyboard */ = {
			isa = PBXVariantGroup;
			children = (
				84D0A56F1F73F1D700CE0923 /* Base */,
			);
			name = Main.storyboard;
			sourceTree = "<group>";
		};
		84D0A5731F73F1D700CE0923 /* LaunchScreen.storyboard */ = {
			isa = PBXVariantGroup;
			children = (
				84D0A5741F73F1D700CE0923 /* Base */,
			);
			name = LaunchScreen.storyboard;
			sourceTree = "<group>";
		};
/* End PBXVariantGroup section */

/* Begin XCBuildConfiguration section */
		84D0A58D1F73F1D700CE0923 /* Debug */ = {
			isa = XCBuildConfiguration;
			buildSettings = {
				ALWAYS_SEARCH_USER_PATHS = NO;
				CLANG_ANALYZER_NONNULL = YES;
				CLANG_ANALYZER_NUMBER_OBJECT_CONVERSION = YES_AGGRESSIVE;
				CLANG_CXX_LANGUAGE_STANDARD = "gnu++0x";
				CLANG_CXX_LIBRARY = "libc++";
				CLANG_ENABLE_MODULES = YES;
				CLANG_ENABLE_OBJC_ARC = YES;
				CLANG_WARN_BOOL_CONVERSION = YES;
				CLANG_WARN_CONSTANT_CONVERSION = YES;
				CLANG_WARN_DIRECT_OBJC_ISA_USAGE = YES_ERROR;
				CLANG_WARN_DOCUMENTATION_COMMENTS = YES;
				CLANG_WARN_EMPTY_BODY = YES;
				CLANG_WARN_ENUM_CONVERSION = YES;
				CLANG_WARN_INFINITE_RECURSION = YES;
				CLANG_WARN_INT_CONVERSION = YES;
				CLANG_WARN_OBJC_ROOT_CLASS = YES_ERROR;
				CLANG_WARN_SUSPICIOUS_MOVE = YES;
				CLANG_WARN_UNREACHABLE_CODE = YES;
				CLANG_WARN__DUPLICATE_METHOD_MATCH = YES;
				"CODE_SIGN_IDENTITY[sdk=iphoneos*]" = "iPhone Developer";
				COPY_PHASE_STRIP = NO;
				DEBUG_INFORMATION_FORMAT = dwarf;
				ENABLE_STRICT_OBJC_MSGSEND = YES;
				ENABLE_TESTABILITY = YES;
				GCC_C_LANGUAGE_STANDARD = gnu99;
				GCC_DYNAMIC_NO_PIC = NO;
				GCC_NO_COMMON_BLOCKS = YES;
				GCC_OPTIMIZATION_LEVEL = 0;
				GCC_PREPROCESSOR_DEFINITIONS = (
					"DEBUG=1",
					"$(inherited)",
				);
				GCC_WARN_64_TO_32_BIT_CONVERSION = YES;
				GCC_WARN_ABOUT_RETURN_TYPE = YES_ERROR;
				GCC_WARN_UNDECLARED_SELECTOR = YES;
				GCC_WARN_UNINITIALIZED_AUTOS = YES_AGGRESSIVE;
				GCC_WARN_UNUSED_FUNCTION = YES;
				GCC_WARN_UNUSED_VARIABLE = YES;
				IPHONEOS_DEPLOYMENT_TARGET = 10.3;
				MTL_ENABLE_DEBUG_INFO = YES;
				ONLY_ACTIVE_ARCH = YES;
				SDKROOT = iphoneos;
				SWIFT_ACTIVE_COMPILATION_CONDITIONS = DEBUG;
				SWIFT_OPTIMIZATION_LEVEL = "-Onone";
				TARGETED_DEVICE_FAMILY = "1,2";
			};
			name = Debug;
		};
		84D0A58E1F73F1D700CE0923 /* Release */ = {
			isa = XCBuildConfiguration;
			buildSettings = {
				ALWAYS_SEARCH_USER_PATHS = NO;
				CLANG_ANALYZER_NONNULL = YES;
				CLANG_ANALYZER_NUMBER_OBJECT_CONVERSION = YES_AGGRESSIVE;
				CLANG_CXX_LANGUAGE_STANDARD = "gnu++0x";
				CLANG_CXX_LIBRARY = "libc++";
				CLANG_ENABLE_MODULES = YES;
				CLANG_ENABLE_OBJC_ARC = YES;
				CLANG_WARN_BOOL_CONVERSION = YES;
				CLANG_WARN_CONSTANT_CONVERSION = YES;
				CLANG_WARN_DIRECT_OBJC_ISA_USAGE = YES_ERROR;
				CLANG_WARN_DOCUMENTATION_COMMENTS = YES;
				CLANG_WARN_EMPTY_BODY = YES;
				CLANG_WARN_ENUM_CONVERSION = YES;
				CLANG_WARN_INFINITE_RECURSION = YES;
				CLANG_WARN_INT_CONVERSION = YES;
				CLANG_WARN_OBJC_ROOT_CLASS = YES_ERROR;
				CLANG_WARN_SUSPICIOUS_MOVE = YES;
				CLANG_WARN_UNREACHABLE_CODE = YES;
				CLANG_WARN__DUPLICATE_METHOD_MATCH = YES;
				"CODE_SIGN_IDENTITY[sdk=iphoneos*]" = "iPhone Developer";
				COPY_PHASE_STRIP = NO;
				DEBUG_INFORMATION_FORMAT = "dwarf-with-dsym";
				ENABLE_NS_ASSERTIONS = NO;
				ENABLE_STRICT_OBJC_MSGSEND = YES;
				GCC_C_LANGUAGE_STANDARD = gnu99;
				GCC_NO_COMMON_BLOCKS = YES;
				GCC_WARN_64_TO_32_BIT_CONVERSION = YES;
				GCC_WARN_ABOUT_RETURN_TYPE = YES_ERROR;
				GCC_WARN_UNDECLARED_SELECTOR = YES;
				GCC_WARN_UNINITIALIZED_AUTOS = YES_AGGRESSIVE;
				GCC_WARN_UNUSED_FUNCTION = YES;
				GCC_WARN_UNUSED_VARIABLE = YES;
				IPHONEOS_DEPLOYMENT_TARGET = 10.3;
				MTL_ENABLE_DEBUG_INFO = NO;
				SDKROOT = iphoneos;
				SWIFT_OPTIMIZATION_LEVEL = "-Owholemodule";
				TARGETED_DEVICE_FAMILY = "1,2";
				VALIDATE_PRODUCT = YES;
			};
			name = Release;
		};
		84D0A5901F73F1D700CE0923 /* Debug */ = {
			isa = XCBuildConfiguration;
			baseConfigurationReference = 706683C9E4840B8879DC7FEC /* Pods-Tutorial.debug.xcconfig */;
			buildSettings = {
				ASSETCATALOG_COMPILER_APPICON_NAME = AppIcon;
				DEVELOPMENT_TEAM = 2UJM6Q65K9;
				INFOPLIST_FILE = Tutorial/Info.plist;
				LD_RUNPATH_SEARCH_PATHS = "$(inherited) @executable_path/Frameworks";
				PRODUCT_BUNDLE_IDENTIFIER = KFM.Tutorial;
				PRODUCT_NAME = "$(TARGET_NAME)";
				SWIFT_VERSION = 3.0;
			};
			name = Debug;
		};
		84D0A5911F73F1D700CE0923 /* Release */ = {
			isa = XCBuildConfiguration;
			baseConfigurationReference = 45B7AF0DC9CED0985990FD00 /* Pods-Tutorial.release.xcconfig */;
			buildSettings = {
				ASSETCATALOG_COMPILER_APPICON_NAME = AppIcon;
				DEVELOPMENT_TEAM = 2UJM6Q65K9;
				INFOPLIST_FILE = Tutorial/Info.plist;
				LD_RUNPATH_SEARCH_PATHS = "$(inherited) @executable_path/Frameworks";
				PRODUCT_BUNDLE_IDENTIFIER = KFM.Tutorial;
				PRODUCT_NAME = "$(TARGET_NAME)";
				SWIFT_VERSION = 3.0;
			};
			name = Release;
		};
		84D0A5931F73F1D700CE0923 /* Debug */ = {
			isa = XCBuildConfiguration;
			baseConfigurationReference = 52055777086F4FA2E01A403C /* Pods-TutorialTests.debug.xcconfig */;
			buildSettings = {
				ALWAYS_EMBED_SWIFT_STANDARD_LIBRARIES = YES;
				BUNDLE_LOADER = "$(TEST_HOST)";
				DEVELOPMENT_TEAM = 2UJM6Q65K9;
				INFOPLIST_FILE = TutorialTests/Info.plist;
				LD_RUNPATH_SEARCH_PATHS = "$(inherited) @executable_path/Frameworks @loader_path/Frameworks";
				PRODUCT_BUNDLE_IDENTIFIER = KFM.TutorialTests;
				PRODUCT_NAME = "$(TARGET_NAME)";
				SWIFT_VERSION = 3.0;
				TEST_HOST = "$(BUILT_PRODUCTS_DIR)/Tutorial.app/Tutorial";
			};
			name = Debug;
		};
		84D0A5941F73F1D700CE0923 /* Release */ = {
			isa = XCBuildConfiguration;
			baseConfigurationReference = 86D4B5D39AC1B156FF13EE44 /* Pods-TutorialTests.release.xcconfig */;
			buildSettings = {
				ALWAYS_EMBED_SWIFT_STANDARD_LIBRARIES = YES;
				BUNDLE_LOADER = "$(TEST_HOST)";
				DEVELOPMENT_TEAM = 2UJM6Q65K9;
				INFOPLIST_FILE = TutorialTests/Info.plist;
				LD_RUNPATH_SEARCH_PATHS = "$(inherited) @executable_path/Frameworks @loader_path/Frameworks";
				PRODUCT_BUNDLE_IDENTIFIER = KFM.TutorialTests;
				PRODUCT_NAME = "$(TARGET_NAME)";
				SWIFT_VERSION = 3.0;
				TEST_HOST = "$(BUILT_PRODUCTS_DIR)/Tutorial.app/Tutorial";
			};
			name = Release;
		};
		84D0A5961F73F1D700CE0923 /* Debug */ = {
			isa = XCBuildConfiguration;
			baseConfigurationReference = 33E7088B91BA5AAFC3DDEDD1 /* Pods-TutorialUITests.debug.xcconfig */;
			buildSettings = {
				ALWAYS_EMBED_SWIFT_STANDARD_LIBRARIES = YES;
				DEVELOPMENT_TEAM = 2UJM6Q65K9;
				INFOPLIST_FILE = TutorialUITests/Info.plist;
				LD_RUNPATH_SEARCH_PATHS = "$(inherited) @executable_path/Frameworks @loader_path/Frameworks";
				PRODUCT_BUNDLE_IDENTIFIER = KFM.TutorialUITests;
				PRODUCT_NAME = "$(TARGET_NAME)";
				SWIFT_VERSION = 3.0;
				TEST_TARGET_NAME = Tutorial;
			};
			name = Debug;
		};
		84D0A5971F73F1D700CE0923 /* Release */ = {
			isa = XCBuildConfiguration;
			baseConfigurationReference = 3CA9328AEBF3E54652ABDFE4 /* Pods-TutorialUITests.release.xcconfig */;
			buildSettings = {
				ALWAYS_EMBED_SWIFT_STANDARD_LIBRARIES = YES;
				DEVELOPMENT_TEAM = 2UJM6Q65K9;
				INFOPLIST_FILE = TutorialUITests/Info.plist;
				LD_RUNPATH_SEARCH_PATHS = "$(inherited) @executable_path/Frameworks @loader_path/Frameworks";
				PRODUCT_BUNDLE_IDENTIFIER = KFM.TutorialUITests;
				PRODUCT_NAME = "$(TARGET_NAME)";
				SWIFT_VERSION = 3.0;
				TEST_TARGET_NAME = Tutorial;
			};
			name = Release;
		};
/* End XCBuildConfiguration section */

/* Begin XCConfigurationList section */
		84D0A5621F73F1D700CE0923 /* Build configuration list for PBXProject "Tutorial" */ = {
			isa = XCConfigurationList;
			buildConfigurations = (
				84D0A58D1F73F1D700CE0923 /* Debug */,
				84D0A58E1F73F1D700CE0923 /* Release */,
			);
			defaultConfigurationIsVisible = 0;
			defaultConfigurationName = Release;
		};
		84D0A58F1F73F1D700CE0923 /* Build configuration list for PBXNativeTarget "Tutorial" */ = {
			isa = XCConfigurationList;
			buildConfigurations = (
				84D0A5901F73F1D700CE0923 /* Debug */,
				84D0A5911F73F1D700CE0923 /* Release */,
			);
			defaultConfigurationIsVisible = 0;
		};
		84D0A5921F73F1D700CE0923 /* Build configuration list for PBXNativeTarget "TutorialTests" */ = {
			isa = XCConfigurationList;
			buildConfigurations = (
				84D0A5931F73F1D700CE0923 /* Debug */,
				84D0A5941F73F1D700CE0923 /* Release */,
			);
			defaultConfigurationIsVisible = 0;
		};
		84D0A5951F73F1D700CE0923 /* Build configuration list for PBXNativeTarget "TutorialUITests" */ = {
			isa = XCConfigurationList;
			buildConfigurations = (
				84D0A5961F73F1D700CE0923 /* Debug */,
				84D0A5971F73F1D700CE0923 /* Release */,
			);
			defaultConfigurationIsVisible = 0;
		};
/* End XCConfigurationList section */
	};
	rootObject = 84D0A55F1F73F1D700CE0923 /* Project object */;
}
